// !$*UTF8*$!
{
	archiveVersion = 1;
	classes = {
	};
	objectVersion = 50;
	objects = {

/* Begin PBXBuildFile section */
		B15211B425A3ABDF00F6C27E /* LandmarksApp.swift in Sources */ = {isa = PBXBuildFile; fileRef = B15211B325A3ABDF00F6C27E /* LandmarksApp.swift */; };
		B15211B625A3ABDF00F6C27E /* ContentView.swift in Sources */ = {isa = PBXBuildFile; fileRef = B15211B525A3ABDF00F6C27E /* ContentView.swift */; };
		B15211B825A3ABE100F6C27E /* Assets.xcassets in Resources */ = {isa = PBXBuildFile; fileRef = B15211B725A3ABE100F6C27E /* Assets.xcassets */; };
		B15211BB25A3ABE100F6C27E /* Preview Assets.xcassets in Resources */ = {isa = PBXBuildFile; fileRef = B15211BA25A3ABE100F6C27E /* Preview Assets.xcassets */; };
		B15211C425A3ADCA00F6C27E /* CircleImage.swift in Sources */ = {isa = PBXBuildFile; fileRef = B15211C325A3ADCA00F6C27E /* CircleImage.swift */; };
		B15211C725A3AE6300F6C27E /* MapView.swift in Sources */ = {isa = PBXBuildFile; fileRef = B15211C625A3AE6300F6C27E /* MapView.swift */; };
		B15211EE25A3B55D00F6C27E /* landmarkData.json in Resources */ = {isa = PBXBuildFile; fileRef = B15211ED25A3B55D00F6C27E /* landmarkData.json */; };
		B15211F125A3B58E00F6C27E /* Landmark.swift in Sources */ = {isa = PBXBuildFile; fileRef = B15211F025A3B58E00F6C27E /* Landmark.swift */; };
		B15211F425A3B93E00F6C27E /* ModelData.swift in Sources */ = {isa = PBXBuildFile; fileRef = B15211F325A3B93E00F6C27E /* ModelData.swift */; };
		B15211FF25A3BEC200F6C27E /* LandmarkRow.swift in Sources */ = {isa = PBXBuildFile; fileRef = B15211FE25A3BEC200F6C27E /* LandmarkRow.swift */; };
		B152120225A3C03600F6C27E /* LandmarkList.swift in Sources */ = {isa = PBXBuildFile; fileRef = B152120125A3C03600F6C27E /* LandmarkList.swift */; };
		B152120525A3C0FB00F6C27E /* LandmarkDetail.swift in Sources */ = {isa = PBXBuildFile; fileRef = B152120425A3C0FB00F6C27E /* LandmarkDetail.swift */; };
/* End PBXBuildFile section */

/* Begin PBXFileReference section */
		B15211B025A3ABDF00F6C27E /* Landmarks.app */ = {isa = PBXFileReference; explicitFileType = wrapper.application; includeInIndex = 0; path = Landmarks.app; sourceTree = BUILT_PRODUCTS_DIR; };
		B15211B325A3ABDF00F6C27E /* LandmarksApp.swift */ = {isa = PBXFileReference; lastKnownFileType = sourcecode.swift; path = LandmarksApp.swift; sourceTree = "<group>"; };
		B15211B525A3ABDF00F6C27E /* ContentView.swift */ = {isa = PBXFileReference; lastKnownFileType = sourcecode.swift; path = ContentView.swift; sourceTree = "<group>"; };
		B15211B725A3ABE100F6C27E /* Assets.xcassets */ = {isa = PBXFileReference; lastKnownFileType = folder.assetcatalog; path = Assets.xcassets; sourceTree = "<group>"; };
		B15211BA25A3ABE100F6C27E /* Preview Assets.xcassets */ = {isa = PBXFileReference; lastKnownFileType = folder.assetcatalog; path = "Preview Assets.xcassets"; sourceTree = "<group>"; };
		B15211BC25A3ABE100F6C27E /* Info.plist */ = {isa = PBXFileReference; lastKnownFileType = text.plist.xml; path = Info.plist; sourceTree = "<group>"; };
		B15211C325A3ADCA00F6C27E /* CircleImage.swift */ = {isa = PBXFileReference; lastKnownFileType = sourcecode.swift; path = CircleImage.swift; sourceTree = "<group>"; };
		B15211C625A3AE6300F6C27E /* MapView.swift */ = {isa = PBXFileReference; lastKnownFileType = sourcecode.swift; path = MapView.swift; sourceTree = "<group>"; };
		B15211ED25A3B55D00F6C27E /* landmarkData.json */ = {isa = PBXFileReference; fileEncoding = 4; lastKnownFileType = text.json; path = landmarkData.json; sourceTree = "<group>"; };
		B15211F025A3B58E00F6C27E /* Landmark.swift */ = {isa = PBXFileReference; lastKnownFileType = sourcecode.swift; path = Landmark.swift; sourceTree = "<group>"; };
		B15211F325A3B93E00F6C27E /* ModelData.swift */ = {isa = PBXFileReference; lastKnownFileType = sourcecode.swift; path = ModelData.swift; sourceTree = "<group>"; };
		B15211FE25A3BEC200F6C27E /* LandmarkRow.swift */ = {isa = PBXFileReference; lastKnownFileType = sourcecode.swift; path = LandmarkRow.swift; sourceTree = "<group>"; };
		B152120125A3C03600F6C27E /* LandmarkList.swift */ = {isa = PBXFileReference; lastKnownFileType = sourcecode.swift; path = LandmarkList.swift; sourceTree = "<group>"; };
		B152120425A3C0FB00F6C27E /* LandmarkDetail.swift */ = {isa = PBXFileReference; lastKnownFileType = sourcecode.swift; path = LandmarkDetail.swift; sourceTree = "<group>"; };
/* End PBXFileReference section */

/* Begin PBXFrameworksBuildPhase section */
		B15211AD25A3ABDF00F6C27E /* Frameworks */ = {
			isa = PBXFrameworksBuildPhase;
			buildActionMask = 2147483647;
			files = (
			);
			runOnlyForDeploymentPostprocessing = 0;
		};
/* End PBXFrameworksBuildPhase section */

/* Begin PBXGroup section */
		B15211A725A3ABDF00F6C27E = {
			isa = PBXGroup;
			children = (
				B15211B225A3ABDF00F6C27E /* Landmarks */,
				B15211B125A3ABDF00F6C27E /* Products */,
			);
			sourceTree = "<group>";
		};
		B15211B125A3ABDF00F6C27E /* Products */ = {
			isa = PBXGroup;
			children = (
				B15211B025A3ABDF00F6C27E /* Landmarks.app */,
			);
			name = Products;
			sourceTree = "<group>";
		};
		B15211B225A3ABDF00F6C27E /* Landmarks */ = {
			isa = PBXGroup;
			children = (
				B15211B325A3ABDF00F6C27E /* LandmarksApp.swift */,
				B15211F625A3BAF500F6C27E /* Views */,
				B15211F725A3BB1E00F6C27E /* Model */,
				B15211F825A3BB4A00F6C27E /* Resources */,
				B15211B725A3ABE100F6C27E /* Assets.xcassets */,
				B15211BC25A3ABE100F6C27E /* Info.plist */,
				B15211B925A3ABE100F6C27E /* Preview Content */,
			);
			path = Landmarks;
			sourceTree = "<group>";
		};
		B15211B925A3ABE100F6C27E /* Preview Content */ = {
			isa = PBXGroup;
			children = (
				B15211BA25A3ABE100F6C27E /* Preview Assets.xcassets */,
			);
			path = "Preview Content";
			sourceTree = "<group>";
		};
		B15211F625A3BAF500F6C27E /* Views */ = {
			isa = PBXGroup;
			children = (
				B15211B525A3ABDF00F6C27E /* ContentView.swift */,
				B15211FE25A3BEC200F6C27E /* LandmarkRow.swift */,
				B152120125A3C03600F6C27E /* LandmarkList.swift */,
				B152120425A3C0FB00F6C27E /* LandmarkDetail.swift */,
				B15211C325A3ADCA00F6C27E /* CircleImage.swift */,
				B15211C625A3AE6300F6C27E /* MapView.swift */,
			);
			path = Views;
			sourceTree = "<group>";
		};
		B15211F725A3BB1E00F6C27E /* Model */ = {
			isa = PBXGroup;
			children = (
				B15211F325A3B93E00F6C27E /* ModelData.swift */,
				B15211F025A3B58E00F6C27E /* Landmark.swift */,
			);
			path = Model;
			sourceTree = "<group>";
		};
		B15211F825A3BB4A00F6C27E /* Resources */ = {
			isa = PBXGroup;
			children = (
				B15211ED25A3B55D00F6C27E /* landmarkData.json */,
			);
			path = Resources;
			sourceTree = "<group>";
		};
/* End PBXGroup section */

/* Begin PBXNativeTarget section */
		B15211AF25A3ABDF00F6C27E /* Landmarks */ = {
			isa = PBXNativeTarget;
			buildConfigurationList = B15211BF25A3ABE100F6C27E /* Build configuration list for PBXNativeTarget "Landmarks" */;
			buildPhases = (
				B15211AC25A3ABDF00F6C27E /* Sources */,
				B15211AD25A3ABDF00F6C27E /* Frameworks */,
				B15211AE25A3ABDF00F6C27E /* Resources */,
			);
			buildRules = (
			);
			dependencies = (
			);
			name = Landmarks;
			productName = Landmarks;
			productReference = B15211B025A3ABDF00F6C27E /* Landmarks.app */;
			productType = "com.apple.product-type.application";
		};
/* End PBXNativeTarget section */

/* Begin PBXProject section */
		B15211A825A3ABDF00F6C27E /* Project object */ = {
			isa = PBXProject;
			attributes = {
				LastSwiftUpdateCheck = 1230;
				LastUpgradeCheck = 1230;
				TargetAttributes = {
					B15211AF25A3ABDF00F6C27E = {
						CreatedOnToolsVersion = 12.3;
					};
				};
			};
			buildConfigurationList = B15211AB25A3ABDF00F6C27E /* Build configuration list for PBXProject "Landmarks" */;
			compatibilityVersion = "Xcode 9.3";
			developmentRegion = en;
			hasScannedForEncodings = 0;
			knownRegions = (
				en,
				Base,
			);
			mainGroup = B15211A725A3ABDF00F6C27E;
			productRefGroup = B15211B125A3ABDF00F6C27E /* Products */;
			projectDirPath = "";
			projectRoot = "";
			targets = (
				B15211AF25A3ABDF00F6C27E /* Landmarks */,
			);
		};
/* End PBXProject section */

/* Begin PBXResourcesBuildPhase section */
		B15211AE25A3ABDF00F6C27E /* Resources */ = {
			isa = PBXResourcesBuildPhase;
			buildActionMask = 2147483647;
			files = (
				B15211BB25A3ABE100F6C27E /* Preview Assets.xcassets in Resources */,
				B15211B825A3ABE100F6C27E /* Assets.xcassets in Resources */,
				B15211EE25A3B55D00F6C27E /* landmarkData.json in Resources */,
			);
			runOnlyForDeploymentPostprocessing = 0;
		};
/* End PBXResourcesBuildPhase section */

/* Begin PBXSourcesBuildPhase section */
		B15211AC25A3ABDF00F6C27E /* Sources */ = {
			isa = PBXSourcesBuildPhase;
			buildActionMask = 2147483647;
			files = (
				B15211B625A3ABDF00F6C27E /* ContentView.swift in Sources */,
				B15211C725A3AE6300F6C27E /* MapView.swift in Sources */,
				B15211B425A3ABDF00F6C27E /* LandmarksApp.swift in Sources */,
				B152120225A3C03600F6C27E /* LandmarkList.swift in Sources */,
				B152120525A3C0FB00F6C27E /* LandmarkDetail.swift in Sources */,
				B15211C425A3ADCA00F6C27E /* CircleImage.swift in Sources */,
				B15211F125A3B58E00F6C27E /* Landmark.swift in Sources */,
				B15211FF25A3BEC200F6C27E /* LandmarkRow.swift in Sources */,
				B15211F425A3B93E00F6C27E /* ModelData.swift in Sources */,
			);
			runOnlyForDeploymentPostprocessing = 0;
		};
/* End PBXSourcesBuildPhase section */

/* Begin XCBuildConfiguration section */
		B15211BD25A3ABE100F6C27E /* Debug */ = {
			isa = XCBuildConfiguration;
			buildSettings = {
				ALWAYS_SEARCH_USER_PATHS = NO;
				CLANG_ANALYZER_NONNULL = YES;
				CLANG_ANALYZER_NUMBER_OBJECT_CONVERSION = YES_AGGRESSIVE;
				CLANG_CXX_LANGUAGE_STANDARD = "gnu++14";
				CLANG_CXX_LIBRARY = "libc++";
				CLANG_ENABLE_MODULES = YES;
				CLANG_ENABLE_OBJC_ARC = YES;
				CLANG_ENABLE_OBJC_WEAK = YES;
				CLANG_WARN_BLOCK_CAPTURE_AUTORELEASING = YES;
				CLANG_WARN_BOOL_CONVERSION = YES;
				CLANG_WARN_COMMA = YES;
				CLANG_WARN_CONSTANT_CONVERSION = YES;
				CLANG_WARN_DEPRECATED_OBJC_IMPLEMENTATIONS = YES;
				CLANG_WARN_DIRECT_OBJC_ISA_USAGE = YES_ERROR;
				CLANG_WARN_DOCUMENTATION_COMMENTS = YES;
				CLANG_WARN_EMPTY_BODY = YES;
				CLANG_WARN_ENUM_CONVERSION = YES;
				CLANG_WARN_INFINITE_RECURSION = YES;
				CLANG_WARN_INT_CONVERSION = YES;
				CLANG_WARN_NON_LITERAL_NULL_CONVERSION = YES;
				CLANG_WARN_OBJC_IMPLICIT_RETAIN_SELF = YES;
				CLANG_WARN_OBJC_LITERAL_CONVERSION = YES;
				CLANG_WARN_OBJC_ROOT_CLASS = YES_ERROR;
				CLANG_WARN_QUOTED_INCLUDE_IN_FRAMEWORK_HEADER = YES;
				CLANG_WARN_RANGE_LOOP_ANALYSIS = YES;
				CLANG_WARN_STRICT_PROTOTYPES = YES;
				CLANG_WARN_SUSPICIOUS_MOVE = YES;
				CLANG_WARN_UNGUARDED_AVAILABILITY = YES_AGGRESSIVE;
				CLANG_WARN_UNREACHABLE_CODE = YES;
				CLANG_WARN__DUPLICATE_METHOD_MATCH = YES;
				COPY_PHASE_STRIP = NO;
				DEBUG_INFORMATION_FORMAT = dwarf;
				ENABLE_STRICT_OBJC_MSGSEND = YES;
				ENABLE_TESTABILITY = YES;
				GCC_C_LANGUAGE_STANDARD = gnu11;
				GCC_DYNAMIC_NO_PIC = NO;
				GCC_NO_COMMON_BLOCKS = YES;
				GCC_OPTIMIZATION_LEVEL = 0;
				GCC_PREPROCESSOR_DEFINITIONS = (
					"DEBUG=1",
					"$(inherited)",
				);
				GCC_WARN_64_TO_32_BIT_CONVERSION = YES;
				GCC_WARN_ABOUT_RETURN_TYPE = YES_ERROR;
				GCC_WARN_UNDECLARED_SELECTOR = YES;
				GCC_WARN_UNINITIALIZED_AUTOS = YES_AGGRESSIVE;
				GCC_WARN_UNUSED_FUNCTION = YES;
				GCC_WARN_UNUSED_VARIABLE = YES;
				IPHONEOS_DEPLOYMENT_TARGET = 14.3;
				MTL_ENABLE_DEBUG_INFO = INCLUDE_SOURCE;
				MTL_FAST_MATH = YES;
				ONLY_ACTIVE_ARCH = YES;
				SDKROOT = iphoneos;
				SWIFT_ACTIVE_COMPILATION_CONDITIONS = DEBUG;
				SWIFT_OPTIMIZATION_LEVEL = "-Onone";
			};
			name = Debug;
		};
		B15211BE25A3ABE100F6C27E /* Release */ = {
			isa = XCBuildConfiguration;
			buildSettings = {
				ALWAYS_SEARCH_USER_PATHS = NO;
				CLANG_ANALYZER_NONNULL = YES;
				CLANG_ANALYZER_NUMBER_OBJECT_CONVERSION = YES_AGGRESSIVE;
				CLANG_CXX_LANGUAGE_STANDARD = "gnu++14";
				CLANG_CXX_LIBRARY = "libc++";
				CLANG_ENABLE_MODULES = YES;
				CLANG_ENABLE_OBJC_ARC = YES;
				CLANG_ENABLE_OBJC_WEAK = YES;
				CLANG_WARN_BLOCK_CAPTURE_AUTORELEASING = YES;
				CLANG_WARN_BOOL_CONVERSION = YES;
				CLANG_WARN_COMMA = YES;
				CLANG_WARN_CONSTANT_CONVERSION = YES;
				CLANG_WARN_DEPRECATED_OBJC_IMPLEMENTATIONS = YES;
				CLANG_WARN_DIRECT_OBJC_ISA_USAGE = YES_ERROR;
				CLANG_WARN_DOCUMENTATION_COMMENTS = YES;
				CLANG_WARN_EMPTY_BODY = YES;
				CLANG_WARN_ENUM_CONVERSION = YES;
				CLANG_WARN_INFINITE_RECURSION = YES;
				CLANG_WARN_INT_CONVERSION = YES;
				CLANG_WARN_NON_LITERAL_NULL_CONVERSION = YES;
				CLANG_WARN_OBJC_IMPLICIT_RETAIN_SELF = YES;
				CLANG_WARN_OBJC_LITERAL_CONVERSION = YES;
				CLANG_WARN_OBJC_ROOT_CLASS = YES_ERROR;
				CLANG_WARN_QUOTED_INCLUDE_IN_FRAMEWORK_HEADER = YES;
				CLANG_WARN_RANGE_LOOP_ANALYSIS = YES;
				CLANG_WARN_STRICT_PROTOTYPES = YES;
				CLANG_WARN_SUSPICIOUS_MOVE = YES;
				CLANG_WARN_UNGUARDED_AVAILABILITY = YES_AGGRESSIVE;
				CLANG_WARN_UNREACHABLE_CODE = YES;
				CLANG_WARN__DUPLICATE_METHOD_MATCH = YES;
				COPY_PHASE_STRIP = NO;
				DEBUG_INFORMATION_FORMAT = "dwarf-with-dsym";
				ENABLE_NS_ASSERTIONS = NO;
				ENABLE_STRICT_OBJC_MSGSEND = YES;
				GCC_C_LANGUAGE_STANDARD = gnu11;
				GCC_NO_COMMON_BLOCKS = YES;
				GCC_WARN_64_TO_32_BIT_CONVERSION = YES;
				GCC_WARN_ABOUT_RETURN_TYPE = YES_ERROR;
				GCC_WARN_UNDECLARED_SELECTOR = YES;
				GCC_WARN_UNINITIALIZED_AUTOS = YES_AGGRESSIVE;
				GCC_WARN_UNUSED_FUNCTION = YES;
				GCC_WARN_UNUSED_VARIABLE = YES;
				IPHONEOS_DEPLOYMENT_TARGET = 14.3;
				MTL_ENABLE_DEBUG_INFO = NO;
				MTL_FAST_MATH = YES;
				SDKROOT = iphoneos;
				SWIFT_COMPILATION_MODE = wholemodule;
				SWIFT_OPTIMIZATION_LEVEL = "-O";
				VALIDATE_PRODUCT = YES;
			};
			name = Release;
		};
		B15211C025A3ABE100F6C27E /* Debug */ = {
			isa = XCBuildConfiguration;
			buildSettings = {
				ASSETCATALOG_COMPILER_APPICON_NAME = AppIcon;
				ASSETCATALOG_COMPILER_GLOBAL_ACCENT_COLOR_NAME = AccentColor;
				CODE_SIGN_STYLE = Automatic;
				DEVELOPMENT_ASSET_PATHS = "\"Landmarks/Preview Content\"";
				DEVELOPMENT_TEAM = 6L6JW37ZS4;
				ENABLE_PREVIEWS = YES;
				INFOPLIST_FILE = Landmarks/Info.plist;
				IPHONEOS_DEPLOYMENT_TARGET = 14.0;
				LD_RUNPATH_SEARCH_PATHS = (
					"$(inherited)",
					"@executable_path/Frameworks",
				);
				PRODUCT_BUNDLE_IDENTIFIER = com.swiftUI.tutorials.Landmarks;
				PRODUCT_NAME = "$(TARGET_NAME)";
				SWIFT_VERSION = 5.0;
				TARGETED_DEVICE_FAMILY = "1,2";
			};
			name = Debug;
		};
		B15211C125A3ABE100F6C27E /* Release */ = {
			isa = XCBuildConfiguration;
			buildSettings = {
				ASSETCATALOG_COMPILER_APPICON_NAME = AppIcon;
				ASSETCATALOG_COMPILER_GLOBAL_ACCENT_COLOR_NAME = AccentColor;
				CODE_SIGN_STYLE = Automatic;
				DEVELOPMENT_ASSET_PATHS = "\"Landmarks/Preview Content\"";
				DEVELOPMENT_TEAM = 6L6JW37ZS4;
				ENABLE_PREVIEWS = YES;
				INFOPLIST_FILE = Landmarks/Info.plist;
				IPHONEOS_DEPLOYMENT_TARGET = 14.0;
				LD_RUNPATH_SEARCH_PATHS = (
					"$(inherited)",
					"@executable_path/Frameworks",
				);
				PRODUCT_BUNDLE_IDENTIFIER = com.swiftUI.tutorials.Landmarks;
				PRODUCT_NAME = "$(TARGET_NAME)";
				SWIFT_VERSION = 5.0;
				TARGETED_DEVICE_FAMILY = "1,2";
			};
			name = Release;
		};
/* End XCBuildConfiguration section */

/* Begin XCConfigurationList section */
		B15211AB25A3ABDF00F6C27E /* Build configuration list for PBXProject "Landmarks" */ = {
			isa = XCConfigurationList;
			buildConfigurations = (
				B15211BD25A3ABE100F6C27E /* Debug */,
				B15211BE25A3ABE100F6C27E /* Release */,
			);
			defaultConfigurationIsVisible = 0;
			defaultConfigurationName = Release;
		};
		B15211BF25A3ABE100F6C27E /* Build configuration list for PBXNativeTarget "Landmarks" */ = {
			isa = XCConfigurationList;
			buildConfigurations = (
				B15211C025A3ABE100F6C27E /* Debug */,
				B15211C125A3ABE100F6C27E /* Release */,
			);
			defaultConfigurationIsVisible = 0;
			defaultConfigurationName = Release;
		};
/* End XCConfigurationList section */
	};
	rootObject = B15211A825A3ABDF00F6C27E /* Project object */;
}
